
Microsoft Visual Studio Solution File, Format Version 12.00
# Visual Studio Version 17
VisualStudioVersion = 17.7.34031.279
MinimumVisualStudioVersion = 10.0.40219.1
Project("{9A19103F-16F7-4668-BE54-9A1E7A4F7556}") = "WieEetErMee.Server", "WieEetErMee\Server\WieEetErMee.Server.csproj", "{2A0955A7-09F0-422C-992B-CE231536AE90}"
EndProject
Project("{9A19103F-16F7-4668-BE54-9A1E7A4F7556}") = "WieEetErMee.Client", "WieEetErMee\Client\WieEetErMee.Client.csproj", "{21B5DE28-E237-4576-86A3-080BDC69FBBB}"
EndProject
Project("{9A19103F-16F7-4668-BE54-9A1E7A4F7556}") = "WieEetErMee.Shared", "WieEetErMee\Shared\WieEetErMee.Shared.csproj", "{BA2450F3-E0A1-41C4-B9CF-1428A931D076}"
EndProject
Project("{9A19103F-16F7-4668-BE54-9A1E7A4F7556}") = "PersonalNotes.Server", "PersonalNotes\Server\PersonalNotes.Server.csproj", "{D8FC2B0D-29AB-445C-B83A-496D86B5D769}"
EndProject
Project("{9A19103F-16F7-4668-BE54-9A1E7A4F7556}") = "PersonalNotes.Client", "PersonalNotes\Client\PersonalNotes.Client.csproj", "{37D665DD-E7EC-4AA1-8340-597C8012E7F5}"
EndProject
Project("{9A19103F-16F7-4668-BE54-9A1E7A4F7556}") = "PersonalNotes.Shared", "PersonalNotes\Shared\PersonalNotes.Shared.csproj", "{D8B88442-F2F3-4396-A346-E8DE6B1C16F4}"
EndProject
Project("{2150E333-8FDC-42A3-9474-1A3956D46DE8}") = "WieEetErMee", "WieEetErMee", "{2EBB6177-2440-487C-8843-2F3ADADB8F43}"
EndProject
Project("{2150E333-8FDC-42A3-9474-1A3956D46DE8}") = "PlayGround", "PlayGround", "{245D8C37-D641-43B3-82BC-2540DD5F5478}"
EndProject
Project("{2150E333-8FDC-42A3-9474-1A3956D46DE8}") = "PersonalNotes", "PersonalNotes", "{228FA865-490A-45C3-BD92-0920E14E4CDA}"
EndProject
Project("{9A19103F-16F7-4668-BE54-9A1E7A4F7556}") = "PlaygroundHostedWasm.Server", "PlaygroundHostedWasm\Server\PlaygroundHostedWasm.Server.csproj", "{B7A123F6-7B33-4861-BDE8-AF31E5471607}"
EndProject
Project("{9A19103F-16F7-4668-BE54-9A1E7A4F7556}") = "PlaygroundHostedWasm.Client", "PlaygroundHostedWasm\Client\PlaygroundHostedWasm.Client.csproj", "{34D8C321-EFEC-4FFD-8052-D3AF9C32B1D6}"
EndProject
Project("{9A19103F-16F7-4668-BE54-9A1E7A4F7556}") = "PlaygroundHostedWasm.Shared", "PlaygroundHostedWasm\Shared\PlaygroundHostedWasm.Shared.csproj", "{ADED57D5-FB6A-4C21-A303-FC4AD8FA4391}"
EndProject
Project("{9A19103F-16F7-4668-BE54-9A1E7A4F7556}") = "PlaygroundConsole", "PlaygroundConsole\PlaygroundConsole.csproj", "{00F37F32-4953-4DB8-B9D7-196E59DF8A95}"
EndProject
Project("{9A19103F-16F7-4668-BE54-9A1E7A4F7556}") = "BookStore.Server", "BookStore\Server\BookStore.Server.csproj", "{4D816AC3-487F-46E9-A8F4-641613430A72}"
EndProject
Project("{9A19103F-16F7-4668-BE54-9A1E7A4F7556}") = "BookStore.Client", "BookStore\Client\BookStore.Client.csproj", "{BB9E75A7-3EBD-4B65-A8D9-B0F8AA2DFC1D}"
EndProject
Project("{9A19103F-16F7-4668-BE54-9A1E7A4F7556}") = "BookStore.Shared", "BookStore\Shared\BookStore.Shared.csproj", "{24D74670-D4D3-470A-B781-3016F57E9B9F}"
EndProject
Project("{2150E333-8FDC-42A3-9474-1A3956D46DE8}") = "BookStore", "BookStore", "{64A0E098-A9E3-457D-A564-515FEA954064}"
EndProject
Project("{9A19103F-16F7-4668-BE54-9A1E7A4F7556}") = "TowersOfHanoi", "TowersOfHanoi\TowersOfHanoi.csproj", "{1F6F1D58-554F-40BC-A7B3-AA71F9986C63}"
EndProject
Project("{2150E333-8FDC-42A3-9474-1A3956D46DE8}") = "TowersOfHanoi", "TowersOfHanoi", "{B8D24F59-E621-43EB-9C45-88ADA86D7C0A}"
EndProject
Project("{9A19103F-16F7-4668-BE54-9A1E7A4F7556}") = "EducationAssingmentsApp", "EducationAssingmentsApp\EducationAssingmentsApp\EducationAssingmentsApp.csproj", "{DB186E95-1F0A-4714-BF11-CE4134EE4EFA}"
EndProject
Project("{9A19103F-16F7-4668-BE54-9A1E7A4F7556}") = "EducationAssingmentsApp.Client", "EducationAssingmentsApp\EducationAssingmentsApp.Client\EducationAssingmentsApp.Client.csproj", "{D602C5CA-CC14-479F-B1B5-9C9CB7A45D03}"
EndProject
Project("{9A19103F-16F7-4668-BE54-9A1E7A4F7556}") = "StandAloneWasmTesting", "StandAloneWasmTesting\StandAloneWasmTesting.csproj", "{5282E194-5055-48E8-800F-BAA8AA50E0F7}"
EndProject
Global
	GlobalSection(SolutionConfigurationPlatforms) = preSolution
		Debug|Any CPU = Debug|Any CPU
		Release|Any CPU = Release|Any CPU
	EndGlobalSection
	GlobalSection(ProjectConfigurationPlatforms) = postSolution
		{2A0955A7-09F0-422C-992B-CE231536AE90}.Debug|Any CPU.ActiveCfg = Debug|Any CPU
		{2A0955A7-09F0-422C-992B-CE231536AE90}.Debug|Any CPU.Build.0 = Debug|Any CPU
		{2A0955A7-09F0-422C-992B-CE231536AE90}.Release|Any CPU.ActiveCfg = Release|Any CPU
		{2A0955A7-09F0-422C-992B-CE231536AE90}.Release|Any CPU.Build.0 = Release|Any CPU
		{21B5DE28-E237-4576-86A3-080BDC69FBBB}.Debug|Any CPU.ActiveCfg = Debug|Any CPU
		{21B5DE28-E237-4576-86A3-080BDC69FBBB}.Debug|Any CPU.Build.0 = Debug|Any CPU
		{21B5DE28-E237-4576-86A3-080BDC69FBBB}.Release|Any CPU.ActiveCfg = Release|Any CPU
		{21B5DE28-E237-4576-86A3-080BDC69FBBB}.Release|Any CPU.Build.0 = Release|Any CPU
		{BA2450F3-E0A1-41C4-B9CF-1428A931D076}.Debug|Any CPU.ActiveCfg = Debug|Any CPU
		{BA2450F3-E0A1-41C4-B9CF-1428A931D076}.Debug|Any CPU.Build.0 = Debug|Any CPU
		{BA2450F3-E0A1-41C4-B9CF-1428A931D076}.Release|Any CPU.ActiveCfg = Release|Any CPU
		{BA2450F3-E0A1-41C4-B9CF-1428A931D076}.Release|Any CPU.Build.0 = Release|Any CPU
		{D8FC2B0D-29AB-445C-B83A-496D86B5D769}.Debug|Any CPU.ActiveCfg = Debug|Any CPU
		{D8FC2B0D-29AB-445C-B83A-496D86B5D769}.Debug|Any CPU.Build.0 = Debug|Any CPU
		{D8FC2B0D-29AB-445C-B83A-496D86B5D769}.Release|Any CPU.ActiveCfg = Release|Any CPU
		{D8FC2B0D-29AB-445C-B83A-496D86B5D769}.Release|Any CPU.Build.0 = Release|Any CPU
		{37D665DD-E7EC-4AA1-8340-597C8012E7F5}.Debug|Any CPU.ActiveCfg = Debug|Any CPU
		{37D665DD-E7EC-4AA1-8340-597C8012E7F5}.Debug|Any CPU.Build.0 = Debug|Any CPU
		{37D665DD-E7EC-4AA1-8340-597C8012E7F5}.Release|Any CPU.ActiveCfg = Release|Any CPU
		{37D665DD-E7EC-4AA1-8340-597C8012E7F5}.Release|Any CPU.Build.0 = Release|Any CPU
		{D8B88442-F2F3-4396-A346-E8DE6B1C16F4}.Debug|Any CPU.ActiveCfg = Debug|Any CPU
		{D8B88442-F2F3-4396-A346-E8DE6B1C16F4}.Debug|Any CPU.Build.0 = Debug|Any CPU
		{D8B88442-F2F3-4396-A346-E8DE6B1C16F4}.Release|Any CPU.ActiveCfg = Release|Any CPU
		{D8B88442-F2F3-4396-A346-E8DE6B1C16F4}.Release|Any CPU.Build.0 = Release|Any CPU
		{B7A123F6-7B33-4861-BDE8-AF31E5471607}.Debug|Any CPU.ActiveCfg = Debug|Any CPU
		{B7A123F6-7B33-4861-BDE8-AF31E5471607}.Debug|Any CPU.Build.0 = Debug|Any CPU
		{B7A123F6-7B33-4861-BDE8-AF31E5471607}.Release|Any CPU.ActiveCfg = Release|Any CPU
		{B7A123F6-7B33-4861-BDE8-AF31E5471607}.Release|Any CPU.Build.0 = Release|Any CPU
		{34D8C321-EFEC-4FFD-8052-D3AF9C32B1D6}.Debug|Any CPU.ActiveCfg = Debug|Any CPU
		{34D8C321-EFEC-4FFD-8052-D3AF9C32B1D6}.Debug|Any CPU.Build.0 = Debug|Any CPU
		{34D8C321-EFEC-4FFD-8052-D3AF9C32B1D6}.Release|Any CPU.ActiveCfg = Release|Any CPU
		{34D8C321-EFEC-4FFD-8052-D3AF9C32B1D6}.Release|Any CPU.Build.0 = Release|Any CPU
		{ADED57D5-FB6A-4C21-A303-FC4AD8FA4391}.Debug|Any CPU.ActiveCfg = Debug|Any CPU
		{ADED57D5-FB6A-4C21-A303-FC4AD8FA4391}.Debug|Any CPU.Build.0 = Debug|Any CPU
		{ADED57D5-FB6A-4C21-A303-FC4AD8FA4391}.Release|Any CPU.ActiveCfg = Release|Any CPU
		{ADED57D5-FB6A-4C21-A303-FC4AD8FA4391}.Release|Any CPU.Build.0 = Release|Any CPU
		{00F37F32-4953-4DB8-B9D7-196E59DF8A95}.Debug|Any CPU.ActiveCfg = Debug|Any CPU
		{00F37F32-4953-4DB8-B9D7-196E59DF8A95}.Debug|Any CPU.Build.0 = Debug|Any CPU
		{00F37F32-4953-4DB8-B9D7-196E59DF8A95}.Release|Any CPU.ActiveCfg = Release|Any CPU
		{00F37F32-4953-4DB8-B9D7-196E59DF8A95}.Release|Any CPU.Build.0 = Release|Any CPU
		{4D816AC3-487F-46E9-A8F4-641613430A72}.Debug|Any CPU.ActiveCfg = Debug|Any CPU
		{4D816AC3-487F-46E9-A8F4-641613430A72}.Debug|Any CPU.Build.0 = Debug|Any CPU
		{4D816AC3-487F-46E9-A8F4-641613430A72}.Release|Any CPU.ActiveCfg = Release|Any CPU
		{4D816AC3-487F-46E9-A8F4-641613430A72}.Release|Any CPU.Build.0 = Release|Any CPU
		{BB9E75A7-3EBD-4B65-A8D9-B0F8AA2DFC1D}.Debug|Any CPU.ActiveCfg = Debug|Any CPU
		{BB9E75A7-3EBD-4B65-A8D9-B0F8AA2DFC1D}.Debug|Any CPU.Build.0 = Debug|Any CPU
		{BB9E75A7-3EBD-4B65-A8D9-B0F8AA2DFC1D}.Release|Any CPU.ActiveCfg = Release|Any CPU
		{BB9E75A7-3EBD-4B65-A8D9-B0F8AA2DFC1D}.Release|Any CPU.Build.0 = Release|Any CPU
		{24D74670-D4D3-470A-B781-3016F57E9B9F}.Debug|Any CPU.ActiveCfg = Debug|Any CPU
		{24D74670-D4D3-470A-B781-3016F57E9B9F}.Debug|Any CPU.Build.0 = Debug|Any CPU
		{24D74670-D4D3-470A-B781-3016F57E9B9F}.Release|Any CPU.ActiveCfg = Release|Any CPU
		{24D74670-D4D3-470A-B781-3016F57E9B9F}.Release|Any CPU.Build.0 = Release|Any CPU
		{1F6F1D58-554F-40BC-A7B3-AA71F9986C63}.Debug|Any CPU.ActiveCfg = Debug|Any CPU
		{1F6F1D58-554F-40BC-A7B3-AA71F9986C63}.Debug|Any CPU.Build.0 = Debug|Any CPU
		{1F6F1D58-554F-40BC-A7B3-AA71F9986C63}.Release|Any CPU.ActiveCfg = Release|Any CPU
		{1F6F1D58-554F-40BC-A7B3-AA71F9986C63}.Release|Any CPU.Build.0 = Release|Any CPU
		{DB186E95-1F0A-4714-BF11-CE4134EE4EFA}.Debug|Any CPU.ActiveCfg = Debug|Any CPU
		{DB186E95-1F0A-4714-BF11-CE4134EE4EFA}.Debug|Any CPU.Build.0 = Debug|Any CPU
		{DB186E95-1F0A-4714-BF11-CE4134EE4EFA}.Release|Any CPU.ActiveCfg = Release|Any CPU
		{DB186E95-1F0A-4714-BF11-CE4134EE4EFA}.Release|Any CPU.Build.0 = Release|Any CPU
		{D602C5CA-CC14-479F-B1B5-9C9CB7A45D03}.Debug|Any CPU.ActiveCfg = Debug|Any CPU
		{D602C5CA-CC14-479F-B1B5-9C9CB7A45D03}.Debug|Any CPU.Build.0 = Debug|Any CPU
		{D602C5CA-CC14-479F-B1B5-9C9CB7A45D03}.Release|Any CPU.ActiveCfg = Release|Any CPU
		{D602C5CA-CC14-479F-B1B5-9C9CB7A45D03}.Release|Any CPU.Build.0 = Release|Any CPU
		{5282E194-5055-48E8-800F-BAA8AA50E0F7}.Debug|Any CPU.ActiveCfg = Debug|Any CPU
		{5282E194-5055-48E8-800F-BAA8AA50E0F7}.Debug|Any CPU.Build.0 = Debug|Any CPU
		{5282E194-5055-48E8-800F-BAA8AA50E0F7}.Release|Any CPU.ActiveCfg = Release|Any CPU
		{5282E194-5055-48E8-800F-BAA8AA50E0F7}.Release|Any CPU.Build.0 = Release|Any CPU
	EndGlobalSection
	GlobalSection(SolutionProperties) = preSolution
		HideSolutionNode = FALSE
	EndGlobalSection
	GlobalSection(NestedProjects) = preSolution
		{2A0955A7-09F0-422C-992B-CE231536AE90} = {2EBB6177-2440-487C-8843-2F3ADADB8F43}
		{21B5DE28-E237-4576-86A3-080BDC69FBBB} = {2EBB6177-2440-487C-8843-2F3ADADB8F43}
		{BA2450F3-E0A1-41C4-B9CF-1428A931D076} = {2EBB6177-2440-487C-8843-2F3ADADB8F43}
		{D8FC2B0D-29AB-445C-B83A-496D86B5D769} = {228FA865-490A-45C3-BD92-0920E14E4CDA}
		{37D665DD-E7EC-4AA1-8340-597C8012E7F5} = {228FA865-490A-45C3-BD92-0920E14E4CDA}
		{D8B88442-F2F3-4396-A346-E8DE6B1C16F4} = {228FA865-490A-45C3-BD92-0920E14E4CDA}
		{B7A123F6-7B33-4861-BDE8-AF31E5471607} = {245D8C37-D641-43B3-82BC-2540DD5F5478}
		{34D8C321-EFEC-4FFD-8052-D3AF9C32B1D6} = {245D8C37-D641-43B3-82BC-2540DD5F5478}
		{ADED57D5-FB6A-4C21-A303-FC4AD8FA4391} = {245D8C37-D641-43B3-82BC-2540DD5F5478}
		{00F37F32-4953-4DB8-B9D7-196E59DF8A95} = {245D8C37-D641-43B3-82BC-2540DD5F5478}
		{4D816AC3-487F-46E9-A8F4-641613430A72} = {64A0E098-A9E3-457D-A564-515FEA954064}
		{BB9E75A7-3EBD-4B65-A8D9-B0F8AA2DFC1D} = {64A0E098-A9E3-457D-A564-515FEA954064}
		{24D74670-D4D3-470A-B781-3016F57E9B9F} = {64A0E098-A9E3-457D-A564-515FEA954064}
		{1F6F1D58-554F-40BC-A7B3-AA71F9986C63} = {B8D24F59-E621-43EB-9C45-88ADA86D7C0A}
		{5282E194-5055-48E8-800F-BAA8AA50E0F7} = {245D8C37-D641-43B3-82BC-2540DD5F5478}
	EndGlobalSection
	GlobalSection(ExtensibilityGlobals) = postSolution
		SolutionGuid = {0C4D8671-D53B-4F35-8626-E116FC73F85E}
	EndGlobalSection
EndGlobal
